// !$*UTF8*$!
{
	archiveVersion = 1;
	classes = {
	};
	objectVersion = 56;
	objects = {

/* Begin PBXBuildFile section */
		80D582DC298C478F0073EFFE /* IsPurchasable.swift in Sources */ = {isa = PBXBuildFile; fileRef = 80D582DB298C478F0073EFFE /* IsPurchasable.swift */; };
		8F0C86D8298C3FC700B7F72E /* Item.swift in Sources */ = {isa = PBXBuildFile; fileRef = 8F0C86D7298C3FC700B7F72E /* Item.swift */; };
		8F0C86DA298C3FD500B7F72E /* OwnedItem.swift in Sources */ = {isa = PBXBuildFile; fileRef = 8F0C86D9298C3FD500B7F72E /* OwnedItem.swift */; };
		8F0C86DC298C3FE000B7F72E /* Game.swift in Sources */ = {isa = PBXBuildFile; fileRef = 8F0C86DB298C3FE000B7F72E /* Game.swift */; };
		8F0C86DE298C3FEA00B7F72E /* Movie.swift in Sources */ = {isa = PBXBuildFile; fileRef = 8F0C86DD298C3FEA00B7F72E /* Movie.swift */; };
		8F0C86E0298C3FF600B7F72E /* Customer.swift in Sources */ = {isa = PBXBuildFile; fileRef = 8F0C86DF298C3FF600B7F72E /* Customer.swift */; };
		8F0C86E2298C3FFD00B7F72E /* Store.swift in Sources */ = {isa = PBXBuildFile; fileRef = 8F0C86E1298C3FFD00B7F72E /* Store.swift */; };
		8FF27EFE298C3AFF00C0F4E7 /* main.swift in Sources */ = {isa = PBXBuildFile; fileRef = 8FF27EFD298C3AFF00C0F4E7 /* main.swift */; };
/* End PBXBuildFile section */

/* Begin PBXCopyFilesBuildPhase section */
		8FF27EF8298C3AFF00C0F4E7 /* CopyFiles */ = {
			isa = PBXCopyFilesBuildPhase;
			buildActionMask = 2147483647;
			dstPath = /usr/share/man/man1/;
			dstSubfolderSpec = 0;
			files = (
			);
			runOnlyForDeploymentPostprocessing = 1;
		};
/* End PBXCopyFilesBuildPhase section */

/* Begin PBXFileReference section */
		80D582DB298C478F0073EFFE /* IsPurchasable.swift */ = {isa = PBXFileReference; lastKnownFileType = sourcecode.swift; path = IsPurchasable.swift; sourceTree = "<group>"; };
		8F0C86D7298C3FC700B7F72E /* Item.swift */ = {isa = PBXFileReference; lastKnownFileType = sourcecode.swift; path = Item.swift; sourceTree = "<group>"; };
		8F0C86D9298C3FD500B7F72E /* OwnedItem.swift */ = {isa = PBXFileReference; lastKnownFileType = sourcecode.swift; path = OwnedItem.swift; sourceTree = "<group>"; };
		8F0C86DB298C3FE000B7F72E /* Game.swift */ = {isa = PBXFileReference; lastKnownFileType = sourcecode.swift; path = Game.swift; sourceTree = "<group>"; };
		8F0C86DD298C3FEA00B7F72E /* Movie.swift */ = {isa = PBXFileReference; lastKnownFileType = sourcecode.swift; path = Movie.swift; sourceTree = "<group>"; };
		8F0C86DF298C3FF600B7F72E /* Customer.swift */ = {isa = PBXFileReference; lastKnownFileType = sourcecode.swift; path = Customer.swift; sourceTree = "<group>"; };
		8F0C86E1298C3FFD00B7F72E /* Store.swift */ = {isa = PBXFileReference; lastKnownFileType = sourcecode.swift; path = Store.swift; sourceTree = "<group>"; };
		8FF27EFA298C3AFF00C0F4E7 /* Group1_Store */ = {isa = PBXFileReference; explicitFileType = "compiled.mach-o.executable"; includeInIndex = 0; path = Group1_Store; sourceTree = BUILT_PRODUCTS_DIR; };
		8FF27EFD298C3AFF00C0F4E7 /* main.swift */ = {isa = PBXFileReference; lastKnownFileType = sourcecode.swift; path = main.swift; sourceTree = "<group>"; };
/* End PBXFileReference section */

/* Begin PBXFrameworksBuildPhase section */
		8FF27EF7298C3AFF00C0F4E7 /* Frameworks */ = {
			isa = PBXFrameworksBuildPhase;
			buildActionMask = 2147483647;
			files = (
			);
			runOnlyForDeploymentPostprocessing = 0;
		};
/* End PBXFrameworksBuildPhase section */

/* Begin PBXGroup section */
		80D582DA298C477C0073EFFE /* protocols */ = {
			isa = PBXGroup;
			children = (
				80D582DB298C478F0073EFFE /* IsPurchasable.swift */,
			);
			path = protocols;
			sourceTree = "<group>";
		};
		8F0C86D6298C3F7600B7F72E /* models */ = {
			isa = PBXGroup;
			children = (
				8F0C86D7298C3FC700B7F72E /* Item.swift */,
				8F0C86D9298C3FD500B7F72E /* OwnedItem.swift */,
				8F0C86DB298C3FE000B7F72E /* Game.swift */,
				8F0C86DD298C3FEA00B7F72E /* Movie.swift */,
				8F0C86DF298C3FF600B7F72E /* Customer.swift */,
				8F0C86E1298C3FFD00B7F72E /* Store.swift */,
			);
			path = models;
			sourceTree = "<group>";
		};
		8FF27EF1298C3AFF00C0F4E7 = {
			isa = PBXGroup;
			children = (
				8FF27EFC298C3AFF00C0F4E7 /* Group1_Store */,
				8FF27EFB298C3AFF00C0F4E7 /* Products */,
			);
			sourceTree = "<group>";
		};
		8FF27EFB298C3AFF00C0F4E7 /* Products */ = {
			isa = PBXGroup;
			children = (
				8FF27EFA298C3AFF00C0F4E7 /* Group1_Store */,
			);
			name = Products;
			sourceTree = "<group>";
		};
		8FF27EFC298C3AFF00C0F4E7 /* Group1_Store */ = {
			isa = PBXGroup;
			children = (
				80D582DA298C477C0073EFFE /* protocols */,
				8F0C86D6298C3F7600B7F72E /* models */,
				8FF27EFD298C3AFF00C0F4E7 /* main.swift */,
			);
			path = Group1_Store;
			sourceTree = "<group>";
		};
/* End PBXGroup section */

/* Begin PBXNativeTarget section */
		8FF27EF9298C3AFF00C0F4E7 /* Group1_Store */ = {
			isa = PBXNativeTarget;
			buildConfigurationList = 8FF27F01298C3AFF00C0F4E7 /* Build configuration list for PBXNativeTarget "Group1_Store" */;
			buildPhases = (
				8FF27EF6298C3AFF00C0F4E7 /* Sources */,
				8FF27EF7298C3AFF00C0F4E7 /* Frameworks */,
				8FF27EF8298C3AFF00C0F4E7 /* CopyFiles */,
			);
			buildRules = (
			);
			dependencies = (
			);
			name = Group1_Store;
			productName = Group1_Store;
			productReference = 8FF27EFA298C3AFF00C0F4E7 /* Group1_Store */;
			productType = "com.apple.product-type.tool";
		};
/* End PBXNativeTarget section */

/* Begin PBXProject section */
		8FF27EF2298C3AFF00C0F4E7 /* Project object */ = {
			isa = PBXProject;
			attributes = {
				BuildIndependentTargetsInParallel = 1;
				LastSwiftUpdateCheck = 1410;
				LastUpgradeCheck = 1410;
				TargetAttributes = {
					8FF27EF9298C3AFF00C0F4E7 = {
						CreatedOnToolsVersion = 14.1;
					};
				};
			};
			buildConfigurationList = 8FF27EF5298C3AFF00C0F4E7 /* Build configuration list for PBXProject "Group1_Store" */;
			compatibilityVersion = "Xcode 14.0";
			developmentRegion = en;
			hasScannedForEncodings = 0;
			knownRegions = (
				en,
				Base,
			);
			mainGroup = 8FF27EF1298C3AFF00C0F4E7;
			productRefGroup = 8FF27EFB298C3AFF00C0F4E7 /* Products */;
			projectDirPath = "";
			projectRoot = "";
			targets = (
				8FF27EF9298C3AFF00C0F4E7 /* Group1_Store */,
			);
		};
/* End PBXProject section */

/* Begin PBXSourcesBuildPhase section */
		8FF27EF6298C3AFF00C0F4E7 /* Sources */ = {
			isa = PBXSourcesBuildPhase;
			buildActionMask = 2147483647;
			files = (
				8F0C86E2298C3FFD00B7F72E /* Store.swift in Sources */,
				8F0C86D8298C3FC700B7F72E /* Item.swift in Sources */,
				8FF27EFE298C3AFF00C0F4E7 /* main.swift in Sources */,
				8F0C86DA298C3FD500B7F72E /* OwnedItem.swift in Sources */,
				80D582DC298C478F0073EFFE /* IsPurchasable.swift in Sources */,
				8F0C86E0298C3FF600B7F72E /* Customer.swift in Sources */,
				8F0C86DC298C3FE000B7F72E /* Game.swift in Sources */,
				8F0C86DE298C3FEA00B7F72E /* Movie.swift in Sources */,
			);
			runOnlyForDeploymentPostprocessing = 0;
		};
/* End PBXSourcesBuildPhase section */

/* Begin XCBuildConfiguration section */
		8FF27EFF298C3AFF00C0F4E7 /* Debug */ = {
			isa = XCBuildConfiguration;
			buildSettings = {
				ALWAYS_SEARCH_USER_PATHS = NO;
				CLANG_ANALYZER_NONNULL = YES;
				CLANG_ANALYZER_NUMBER_OBJECT_CONVERSION = YES_AGGRESSIVE;
				CLANG_CXX_LANGUAGE_STANDARD = "gnu++20";
				CLANG_ENABLE_MODULES = YES;
				CLANG_ENABLE_OBJC_ARC = YES;
				CLANG_ENABLE_OBJC_WEAK = YES;
				CLANG_WARN_BLOCK_CAPTURE_AUTORELEASING = YES;
				CLANG_WARN_BOOL_CONVERSION = YES;
				CLANG_WARN_COMMA = YES;
				CLANG_WARN_CONSTANT_CONVERSION = YES;
				CLANG_WARN_DEPRECATED_OBJC_IMPLEMENTATIONS = YES;
				CLANG_WARN_DIRECT_OBJC_ISA_USAGE = YES_ERROR;
				CLANG_WARN_DOCUMENTATION_COMMENTS = YES;
				CLANG_WARN_EMPTY_BODY = YES;
				CLANG_WARN_ENUM_CONVERSION = YES;
				CLANG_WARN_INFINITE_RECURSION = YES;
				CLANG_WARN_INT_CONVERSION = YES;
				CLANG_WARN_NON_LITERAL_NULL_CONVERSION = YES;
				CLANG_WARN_OBJC_IMPLICIT_RETAIN_SELF = YES;
				CLANG_WARN_OBJC_LITERAL_CONVERSION = YES;
				CLANG_WARN_OBJC_ROOT_CLASS = YES_ERROR;
				CLANG_WARN_QUOTED_INCLUDE_IN_FRAMEWORK_HEADER = YES;
				CLANG_WARN_RANGE_LOOP_ANALYSIS = YES;
				CLANG_WARN_STRICT_PROTOTYPES = YES;
				CLANG_WARN_SUSPICIOUS_MOVE = YES;
				CLANG_WARN_UNGUARDED_AVAILABILITY = YES_AGGRESSIVE;
				CLANG_WARN_UNREACHABLE_CODE = YES;
				CLANG_WARN__DUPLICATE_METHOD_MATCH = YES;
				COPY_PHASE_STRIP = NO;
				DEBUG_INFORMATION_FORMAT = dwarf;
				ENABLE_STRICT_OBJC_MSGSEND = YES;
				ENABLE_TESTABILITY = YES;
				GCC_C_LANGUAGE_STANDARD = gnu11;
				GCC_DYNAMIC_NO_PIC = NO;
				GCC_NO_COMMON_BLOCKS = YES;
				GCC_OPTIMIZATION_LEVEL = 0;
				GCC_PREPROCESSOR_DEFINITIONS = (
					"DEBUG=1",
					"$(inherited)",
				);
				GCC_WARN_64_TO_32_BIT_CONVERSION = YES;
				GCC_WARN_ABOUT_RETURN_TYPE = YES_ERROR;
				GCC_WARN_UNDECLARED_SELECTOR = YES;
				GCC_WARN_UNINITIALIZED_AUTOS = YES_AGGRESSIVE;
				GCC_WARN_UNUSED_FUNCTION = YES;
				GCC_WARN_UNUSED_VARIABLE = YES;
				MACOSX_DEPLOYMENT_TARGET = 13.0;
				MTL_ENABLE_DEBUG_INFO = INCLUDE_SOURCE;
				MTL_FAST_MATH = YES;
				ONLY_ACTIVE_ARCH = YES;
				SDKROOT = macosx;
				SWIFT_ACTIVE_COMPILATION_CONDITIONS = DEBUG;
				SWIFT_OPTIMIZATION_LEVEL = "-Onone";
			};
			name = Debug;
		};
		8FF27F00298C3AFF00C0F4E7 /* Release */ = {
			isa = XCBuildConfiguration;
			buildSettings = {
				ALWAYS_SEARCH_USER_PATHS = NO;
				CLANG_ANALYZER_NONNULL = YES;
				CLANG_ANALYZER_NUMBER_OBJECT_CONVERSION = YES_AGGRESSIVE;
				CLANG_CXX_LANGUAGE_STANDARD = "gnu++20";
				CLANG_ENABLE_MODULES = YES;
				CLANG_ENABLE_OBJC_ARC = YES;
				CLANG_ENABLE_OBJC_WEAK = YES;
				CLANG_WARN_BLOCK_CAPTURE_AUTORELEASING = YES;
				CLANG_WARN_BOOL_CONVERSION = YES;
				CLANG_WARN_COMMA = YES;
				CLANG_WARN_CONSTANT_CONVERSION = YES;
				CLANG_WARN_DEPRECATED_OBJC_IMPLEMENTATIONS = YES;
				CLANG_WARN_DIRECT_OBJC_ISA_USAGE = YES_ERROR;
				CLANG_WARN_DOCUMENTATION_COMMENTS = YES;
				CLANG_WARN_EMPTY_BODY = YES;
				CLANG_WARN_ENUM_CONVERSION = YES;
				CLANG_WARN_INFINITE_RECURSION = YES;
				CLANG_WARN_INT_CONVERSION = YES;
				CLANG_WARN_NON_LITERAL_NULL_CONVERSION = YES;
				CLANG_WARN_OBJC_IMPLICIT_RETAIN_SELF = YES;
				CLANG_WARN_OBJC_LITERAL_CONVERSION = YES;
				CLANG_WARN_OBJC_ROOT_CLASS = YES_ERROR;
				CLANG_WARN_QUOTED_INCLUDE_IN_FRAMEWORK_HEADER = YES;
				CLANG_WARN_RANGE_LOOP_ANALYSIS = YES;
				CLANG_WARN_STRICT_PROTOTYPES = YES;
				CLANG_WARN_SUSPICIOUS_MOVE = YES;
				CLANG_WARN_UNGUARDED_AVAILABILITY = YES_AGGRESSIVE;
				CLANG_WARN_UNREACHABLE_CODE = YES;
				CLANG_WARN__DUPLICATE_METHOD_MATCH = YES;
				COPY_PHASE_STRIP = NO;
				DEBUG_INFORMATION_FORMAT = "dwarf-with-dsym";
				ENABLE_NS_ASSERTIONS = NO;
				ENABLE_STRICT_OBJC_MSGSEND = YES;
				GCC_C_LANGUAGE_STANDARD = gnu11;
				GCC_NO_COMMON_BLOCKS = YES;
				GCC_WARN_64_TO_32_BIT_CONVERSION = YES;
				GCC_WARN_ABOUT_RETURN_TYPE = YES_ERROR;
				GCC_WARN_UNDECLARED_SELECTOR = YES;
				GCC_WARN_UNINITIALIZED_AUTOS = YES_AGGRESSIVE;
				GCC_WARN_UNUSED_FUNCTION = YES;
				GCC_WARN_UNUSED_VARIABLE = YES;
				MACOSX_DEPLOYMENT_TARGET = 13.0;
				MTL_ENABLE_DEBUG_INFO = NO;
				MTL_FAST_MATH = YES;
				SDKROOT = macosx;
				SWIFT_COMPILATION_MODE = wholemodule;
				SWIFT_OPTIMIZATION_LEVEL = "-O";
			};
			name = Release;
		};
		8FF27F02298C3AFF00C0F4E7 /* Debug */ = {
			isa = XCBuildConfiguration;
			buildSettings = {
				CODE_SIGN_STYLE = Automatic;
				DEVELOPMENT_TEAM = 5JR7YDT8GA;
				ENABLE_HARDENED_RUNTIME = YES;
				PRODUCT_NAME = "$(TARGET_NAME)";
				SWIFT_VERSION = 5.0;
			};
			name = Debug;
		};
		8FF27F03298C3AFF00C0F4E7 /* Release */ = {
			isa = XCBuildConfiguration;
			buildSettings = {
				CODE_SIGN_STYLE = Automatic;
				DEVELOPMENT_TEAM = 5JR7YDT8GA;
				ENABLE_HARDENED_RUNTIME = YES;
				PRODUCT_NAME = "$(TARGET_NAME)";
				SWIFT_VERSION = 5.0;
			};
			name = Release;
		};
/* End XCBuildConfiguration section */

/* Begin XCConfigurationList section */
		8FF27EF5298C3AFF00C0F4E7 /* Build configuration list for PBXProject "Group1_Store" */ = {
			isa = XCConfigurationList;
			buildConfigurations = (
				8FF27EFF298C3AFF00C0F4E7 /* Debug */,
				8FF27F00298C3AFF00C0F4E7 /* Release */,
			);
			defaultConfigurationIsVisible = 0;
			defaultConfigurationName = Release;
		};
		8FF27F01298C3AFF00C0F4E7 /* Build configuration list for PBXNativeTarget "Group1_Store" */ = {
			isa = XCConfigurationList;
			buildConfigurations = (
				8FF27F02298C3AFF00C0F4E7 /* Debug */,
				8FF27F03298C3AFF00C0F4E7 /* Release */,
			);
			defaultConfigurationIsVisible = 0;
			defaultConfigurationName = Release;
		};
/* End XCConfigurationList section */
	};
	rootObject = 8FF27EF2298C3AFF00C0F4E7 /* Project object */;
}
